
Microsoft Visual Studio Solution File, Format Version 12.00
# Visual Studio 15
VisualStudioVersion = 15.0.27703.2026
MinimumVisualStudioVersion = 10.0.40219.1
Project("{FAE04EC0-301F-11D3-BF4B-00C04F79EFBC}") = "TechWebApi", "TechWebApi\TechWebApi.csproj", "{89EEF40E-DC89-43CB-8187-F580E66E3134}"
EndProject
Global
	GlobalSection(SolutionConfigurationPlatforms) = preSolution
		Debug|Any CPU = Debug|Any CPU
		Release|Any CPU = Release|Any CPU
	EndGlobalSection
	GlobalSection(ProjectConfigurationPlatforms) = postSolution
		{89EEF40E-DC89-43CB-8187-F580E66E3134}.Debug|Any CPU.ActiveCfg = Debug|Any CPU
		{89EEF40E-DC89-43CB-8187-F580E66E3134}.Debug|Any CPU.Build.0 = Debug|Any CPU
		{89EEF40E-DC89-43CB-8187-F580E66E3134}.Release|Any CPU.ActiveCfg = Release|Any CPU
		{89EEF40E-DC89-43CB-8187-F580E66E3134}.Release|Any CPU.Build.0 = Release|Any CPU
	EndGlobalSection
	GlobalSection(SolutionProperties) = preSolution
		HideSolutionNode = FALSE
	EndGlobalSection
	GlobalSection(ExtensibilityGlobals) = postSolution
		SolutionGuid = {C819C8C8-EC8D-4283-9002-C79EE4140873}
	EndGlobalSection
EndGlobal
